
Microsoft Visual Studio Solution File, Format Version 12.00
# Visual Studio Version 17
VisualStudioVersion = 17.12.35506.116 d17.12
MinimumVisualStudioVersion = 10.0.40219.1
Project("{FAE04EC0-301F-11D3-BF4B-00C04F79EFBC}") = "MicroServiceWirhAspireProductWebApi", "MicroServiceWirhAspireProductWebApi\MicroServiceWirhAspireProductWebApi.csproj", "{379E04EE-1AC9-4E62-AC61-1A46F4D0052F}"
EndProject
Project("{FAE04EC0-301F-11D3-BF4B-00C04F79EFBC}") = "MicroServiceWirhAspireCategoryWebApi", "MicroServiceWirhAspireCategoryWebApi\MicroServiceWirhAspireCategoryWebApi.csproj", "{AB12C0A2-5787-47DB-8500-B076BFD3B34C}"
EndProject
Project("{FAE04EC0-301F-11D3-BF4B-00C04F79EFBC}") = "MicroServiceWirhAspireGatewayWebApi", "MicroServiceWirhAspireGatewayWebApi\MicroServiceWirhAspireGatewayWebApi.csproj", "{98895685-B4D4-4325-9F64-E7F811DB7CF0}"
EndProject
Project("{FAE04EC0-301F-11D3-BF4B-00C04F79EFBC}") = "ServiceDefaults", "ServiceDefaults\ServiceDefaults.csproj", "{9B2A2827-451F-4842-85F3-B61B33C93740}"
EndProject
Project("{FAE04EC0-301F-11D3-BF4B-00C04F79EFBC}") = "AppHost1", "AppHost1\AppHost1.csproj", "{BB53BC7B-0897-4386-BBCE-FAE7C69EE56E}"
EndProject
Global
	GlobalSection(SolutionConfigurationPlatforms) = preSolution
		Debug|Any CPU = Debug|Any CPU
		Release|Any CPU = Release|Any CPU
	EndGlobalSection
	GlobalSection(ProjectConfigurationPlatforms) = postSolution
		{379E04EE-1AC9-4E62-AC61-1A46F4D0052F}.Debug|Any CPU.ActiveCfg = Debug|Any CPU
		{379E04EE-1AC9-4E62-AC61-1A46F4D0052F}.Debug|Any CPU.Build.0 = Debug|Any CPU
		{379E04EE-1AC9-4E62-AC61-1A46F4D0052F}.Release|Any CPU.ActiveCfg = Release|Any CPU
		{379E04EE-1AC9-4E62-AC61-1A46F4D0052F}.Release|Any CPU.Build.0 = Release|Any CPU
		{AB12C0A2-5787-47DB-8500-B076BFD3B34C}.Debug|Any CPU.ActiveCfg = Debug|Any CPU
		{AB12C0A2-5787-47DB-8500-B076BFD3B34C}.Debug|Any CPU.Build.0 = Debug|Any CPU
		{AB12C0A2-5787-47DB-8500-B076BFD3B34C}.Release|Any CPU.ActiveCfg = Release|Any CPU
		{AB12C0A2-5787-47DB-8500-B076BFD3B34C}.Release|Any CPU.Build.0 = Release|Any CPU
		{98895685-B4D4-4325-9F64-E7F811DB7CF0}.Debug|Any CPU.ActiveCfg = Debug|Any CPU
		{98895685-B4D4-4325-9F64-E7F811DB7CF0}.Debug|Any CPU.Build.0 = Debug|Any CPU
		{98895685-B4D4-4325-9F64-E7F811DB7CF0}.Release|Any CPU.ActiveCfg = Release|Any CPU
		{98895685-B4D4-4325-9F64-E7F811DB7CF0}.Release|Any CPU.Build.0 = Release|Any CPU
		{9B2A2827-451F-4842-85F3-B61B33C93740}.Debug|Any CPU.ActiveCfg = Debug|Any CPU
		{9B2A2827-451F-4842-85F3-B61B33C93740}.Debug|Any CPU.Build.0 = Debug|Any CPU
		{9B2A2827-451F-4842-85F3-B61B33C93740}.Release|Any CPU.ActiveCfg = Release|Any CPU
		{9B2A2827-451F-4842-85F3-B61B33C93740}.Release|Any CPU.Build.0 = Release|Any CPU
		{BB53BC7B-0897-4386-BBCE-FAE7C69EE56E}.Debug|Any CPU.ActiveCfg = Debug|Any CPU
		{BB53BC7B-0897-4386-BBCE-FAE7C69EE56E}.Debug|Any CPU.Build.0 = Debug|Any CPU
		{BB53BC7B-0897-4386-BBCE-FAE7C69EE56E}.Release|Any CPU.ActiveCfg = Release|Any CPU
		{BB53BC7B-0897-4386-BBCE-FAE7C69EE56E}.Release|Any CPU.Build.0 = Release|Any CPU
	EndGlobalSection
	GlobalSection(SolutionProperties) = preSolution
		HideSolutionNode = FALSE
	EndGlobalSection
EndGlobal
